
Microsoft Visual Studio Solution File, Format Version 12.00
# Visual Studio Version 17
VisualStudioVersion = 17.8.34525.116
MinimumVisualStudioVersion = 10.0.40219.1
Project("{FAE04EC0-301F-11D3-BF4B-00C04F79EFBC}") = "Parcial_1_Punto_1", "Parcial_1_Punto_1.csproj", "{8D1ADC2F-9725-4190-B9E3-8C65FBC1ED26}"
EndProject
Global
	GlobalSection(SolutionConfigurationPlatforms) = preSolution
		Debug|Any CPU = Debug|Any CPU
		Release|Any CPU = Release|Any CPU
	EndGlobalSection
	GlobalSection(ProjectConfigurationPlatforms) = postSolution
		{8D1ADC2F-9725-4190-B9E3-8C65FBC1ED26}.Debug|Any CPU.ActiveCfg = Debug|Any CPU
		{8D1ADC2F-9725-4190-B9E3-8C65FBC1ED26}.Debug|Any CPU.Build.0 = Debug|Any CPU
		{8D1ADC2F-9725-4190-B9E3-8C65FBC1ED26}.Release|Any CPU.ActiveCfg = Release|Any CPU
		{8D1ADC2F-9725-4190-B9E3-8C65FBC1ED26}.Release|Any CPU.Build.0 = Release|Any CPU
	EndGlobalSection
	GlobalSection(SolutionProperties) = preSolution
		HideSolutionNode = FALSE
	EndGlobalSection
	GlobalSection(ExtensibilityGlobals) = postSolution
		SolutionGuid = {E0DED60E-022F-43A7-A299-3D70E323EFE9}
	EndGlobalSection
EndGlobal
